<?xml version="1.0" encoding="utf-8"?>
<Project xmlns="http://schemas.microsoft.com/developer/msbuild/2003" ToolsVersion="4.0">
  <ItemGroup>
    <Filter Include="Header Files">
      <UniqueIdentifier>{4D1BFFCC-9CEB-4ABF-A951-582870FE71FD}</UniqueIdentifier>
      <Extensions>h;hpp;hxx;hm;inl;inc;xsd</Extensions>
    </Filter>
    <Filter Include="Header Files\TouchGFX">
      <UniqueIdentifier>{29C60541-803D-4F43-8683-028D9DA5E0CB}</UniqueIdentifier>
    </Filter>
    <Filter Include="Header Files\TouchGFX\common">
      <UniqueIdentifier>{AF2BF67C-89EC-4545-B0D2-5BD6803628D4}</UniqueIdentifier>
    </Filter>
    <Filter Include="Header Files\TouchGFX\mvp">
      <UniqueIdentifier>{A8F51E02-A400-49F1-AC86-371872A7E5E6}</UniqueIdentifier>
    </Filter>
    <Filter Include="Header Files\TouchGFX\platform">
      <UniqueIdentifier>{493CF637-721C-4516-8638-3EE4790FB455}</UniqueIdentifier>
    </Filter>
    <Filter Include="Header Files\TouchGFX\touchgfx">
      <UniqueIdentifier>{7187028B-6482-4EB3-8556-EECD38E0636B}</UniqueIdentifier>
    </Filter>
    <Filter Include="Header Files\TouchGFX\platform\driver">
      <UniqueIdentifier>{D2E6B448-6B79-434F-A8EB-C8F8415957E9}</UniqueIdentifier>
    </Filter>
    <Filter Include="Header Files\TouchGFX\platform\hal">
      <UniqueIdentifier>{07737357-9365-4A8F-B2F6-908B5FC4E808}</UniqueIdentifier>
    </Filter>
    <Filter Include="Header Files\TouchGFX\touchgfx\canvas_widget_renderer">
      <UniqueIdentifier>{085B248B-6BE1-4BF8-9913-35526BAEE4C7}</UniqueIdentifier>
    </Filter>
    <Filter Include="Header Files\TouchGFX\touchgfx\containers">
      <UniqueIdentifier>{E08C6B18-2F0E-4861-87D5-80FB0411017E}</UniqueIdentifier>
    </Filter>
    <Filter Include="Header Files\TouchGFX\touchgfx\events">
      <UniqueIdentifier>{29D72404-E5CB-472C-B00F-3784DF3CCD1E}</UniqueIdentifier>
    </Filter>
    <Filter Include="Header Files\TouchGFX\touchgfx\hal">
      <UniqueIdentifier>{09561B72-532B-45EB-8E32-CAA31C349F83}</UniqueIdentifier>
    </Filter>
    <Filter Include="Header Files\TouchGFX\touchgfx\lcd">
      <UniqueIdentifier>{A89B6308-CBC1-48EC-BF14-B3C6106FACCE}</UniqueIdentifier>
    </Filter>
    <Filter Include="Header Files\TouchGFX\touchgfx\mixins">
      <UniqueIdentifier>{DB82A963-BE52-4494-BD5E-358C5E79C081}</UniqueIdentifier>
    </Filter>
    <Filter Include="Header Files\TouchGFX\touchgfx\transforms">
      <UniqueIdentifier>{509E01BB-FBF4-4198-B748-936C1B67839A}</UniqueIdentifier>
    </Filter>
    <Filter Include="Header Files\TouchGFX\touchgfx\transitions">
      <UniqueIdentifier>{3F023E56-225A-4D4C-9D20-74447A23BAD9}</UniqueIdentifier>
    </Filter>
    <Filter Include="Header Files\TouchGFX\touchgfx\widgets">
      <UniqueIdentifier>{0E9A8FD3-B71B-46B9-B1F6-3A18292FFAC4}</UniqueIdentifier>
    </Filter>
    <Filter Include="Header Files\TouchGFX\platform\driver\lcd">
      <UniqueIdentifier>{9B32A742-EBA9-4EBA-832E-0421D7E68BC5}</UniqueIdentifier>
    </Filter>
    <Filter Include="Header Files\TouchGFX\platform\driver\touch">
      <UniqueIdentifier>{8C31441B-2191-4B32-869D-7B253AECB28F}</UniqueIdentifier>
    </Filter>
    <Filter Include="Header Files\TouchGFX\platform\hal\simulator">
      <UniqueIdentifier>{464CC9FB-AFF6-4FFA-B4D8-BCAC4B2B8898}</UniqueIdentifier>
    </Filter>
    <Filter Include="Header Files\TouchGFX\touchgfx\containers\clock">
      <UniqueIdentifier>{B7237C13-DD69-4F78-8446-9A554431E3F8}</UniqueIdentifier>
    </Filter>
    <Filter Include="Header Files\TouchGFX\touchgfx\containers\progress_indicators">
      <UniqueIdentifier>{5E0E884F-0059-4306-94BA-3197219750E3}</UniqueIdentifier>
    </Filter>
    <Filter Include="Header Files\TouchGFX\touchgfx\widgets\canvas">
      <UniqueIdentifier>{DBFF640A-BD63-40BC-A0A5-2468BC461037}</UniqueIdentifier>
    </Filter>
    <Filter Include="Header Files\TouchGFX\platform\hal\simulator\sdl2">
      <UniqueIdentifier>{EA3962C0-553C-4CFD-A89B-A116A9493818}</UniqueIdentifier>
    </Filter>
    <Filter Include="Header Files\generated">
      <UniqueIdentifier>{29C60541-803D-4F44-8783-028D9DA5E0CC}</UniqueIdentifier>
    </Filter>
    <Filter Include="Header Files\generated\simulator">
      <UniqueIdentifier>{29C60541-803D-4F43-8683-028D9DA5E0CC}</UniqueIdentifier>
    </Filter>
    <Filter Include="Resource Files">
      <UniqueIdentifier>{92BBFF14-FBDB-4755-BA47-A830D863D92B}</UniqueIdentifier>
      <Extensions>rc;ico;cur;bmp;dlg;rc2;rct;bin;rgs;gif;jpg;jpeg;jpe;resx;tiff;tif;ttf;otf;bdf;png;wav;xml;props;mfcribbon-ms</Extensions>
    </Filter>
    <Filter Include="Resource Files\assets">
      <UniqueIdentifier>{AF899B0F-78BE-47F9-A912-E92CB9156E40}</UniqueIdentifier>
    </Filter>
    <Filter Include="Resource Files\config">
      <UniqueIdentifier>{29E8A9F8-6504-4625-AB47-671A3F665E51}</UniqueIdentifier>
    </Filter>
    <Filter Include="Resource Files\assets\texts">
      <UniqueIdentifier>{382278FD-2B19-4E89-AE4F-24AF77E7A270}</UniqueIdentifier>
    </Filter>
    <Filter Include="Resource Files\config\msvs">
      <UniqueIdentifier>{C24EAEDB-9A3F-43DC-87FB-C7AC2729A078}</UniqueIdentifier>
    </Filter>
    <Filter Include="Source Files">
      <UniqueIdentifier>{2F3FC0AA-97C4-4366-9939-94A0FF4E028C}</UniqueIdentifier>
      <Extensions>cpp;c;cc;cxx;def;odl;idl;hpj;bat;asm;asmx</Extensions>
    </Filter>
    <Filter Include="Source Files\TouchGFX">
      <UniqueIdentifier>{C07B02A9-A55E-47AA-AD61-59A6AAD754E6}</UniqueIdentifier>
    </Filter>
    <Filter Include="Source Files\TouchGFX\platform">
      <UniqueIdentifier>{33EDC2DB-AF72-480C-92E5-2A2833BCAB6F}</UniqueIdentifier>
    </Filter>
    <Filter Include="Source Files\TouchGFX\platform\driver">
      <UniqueIdentifier>{1D8EFD90-430A-4539-9080-16A38861D20A}</UniqueIdentifier>
    </Filter>
    <Filter Include="Source Files\TouchGFX\platform\hal">
      <UniqueIdentifier>{E8DECBF2-0C8E-4397-8603-3101D6F922D6}</UniqueIdentifier>
    </Filter>
    <Filter Include="Source Files\TouchGFX\platform\driver\touch">
      <UniqueIdentifier>{40F0D55D-79D9-488A-AF83-ADC96179EADF}</UniqueIdentifier>
    </Filter>
    <Filter Include="Source Files\TouchGFX\platform\hal\simulator">
      <UniqueIdentifier>{3FB50DD5-31DA-4042-B7FD-2151C58CDA80}</UniqueIdentifier>
    </Filter>
    <Filter Include="Source Files\TouchGFX\platform\hal\simulator\sdl2">
      <UniqueIdentifier>{B48CB42B-0F9E-4815-BFE1-1ACC1150ED8A}</UniqueIdentifier>
    </Filter>
    <Filter Include="Source Files\simulator">
      <UniqueIdentifier>{C07B03A9-A55E-47AA-AD61-59A6AAD754E6}</UniqueIdentifier>
    </Filter>
    <Filter Include="Source Files\generated">
      <UniqueIdentifier>{C07B02B9-A55E-47AB-AD61-59A6AAD754E6}</UniqueIdentifier>
    </Filter>
    <Filter Include="Source Files\generated\simulator">
      <UniqueIdentifier>{C07B02B9-A55E-47AA-AD61-59A6AAD754E6}</UniqueIdentifier>
    </Filter>
    <Filter Include="Header Files\gui">
      <UniqueIdentifier>EF2118B3-06EE-5822-48F9-B5273B62442E</UniqueIdentifier>
    </Filter>
    <Filter Include="Source Files\gui">
      <UniqueIdentifier>3C796837-79BE-BD94-3D27-889B1E9D740D</UniqueIdentifier>
    </Filter>
    <Filter Include="Header Files\gui\model">
      <UniqueIdentifier>3216D7DC-399F-5D58-2EBC-9259C9C2C5E9</UniqueIdentifier>
    </Filter>
    <Filter Include="Source Files\gui\model">
      <UniqueIdentifier>5B5BB982-2F31-7458-2D20-8D9545E08B4D</UniqueIdentifier>
    </Filter>
    <Filter Include="Header Files\generated\gui_generated">
      <UniqueIdentifier>9EB218C7-78E5-088E-8681-EF4E8789838B</UniqueIdentifier>
    </Filter>
    <Filter Include="Header Files\gui\common">
      <UniqueIdentifier>4A058D11-B38B-05EB-D798-2EA0E37BAA0E</UniqueIdentifier>
    </Filter>
    <Filter Include="Source Files\generated\gui_generated">
      <UniqueIdentifier>C4C59905-1AF4-1947-33F1-103E1A61631D</UniqueIdentifier>
    </Filter>
    <Filter Include="Source Files\gui\common">
      <UniqueIdentifier>56A96897-3E2B-7850-4658-A94E87783E95</UniqueIdentifier>
    </Filter>
    <Filter Include="Header Files\generated\simulator\include">
      <UniqueIdentifier>336A06A6-4163-451A-F3FD-D35558E0A5FE</UniqueIdentifier>
    </Filter>
    <Filter Include="Header Files\generated\gui_generated\common">
      <UniqueIdentifier>7851EA83-7125-6879-00A0-D7E2C0A1A078</UniqueIdentifier>
    </Filter>
    <Filter Include="Source Files\generated\gui_generated\common">
      <UniqueIdentifier>9CCD70DC-EBC9-565A-5D95-28E9E2D2D1A0</UniqueIdentifier>
    </Filter>
    <Filter Include="Source Files\generated\simulator\video">
      <UniqueIdentifier>FD0AB531-3DC6-E583-A094-4623E35ACDA0</UniqueIdentifier>
    </Filter>
    <Filter Include="Header Files\generated\simulator\include\simulator">
      <UniqueIdentifier>05971111-0B94-E400-55E8-D100DCA08172</UniqueIdentifier>
    </Filter>
    <Filter Include="Header Files\generated\simulator\include\simulator\video">
      <UniqueIdentifier>9F959D49-D25C-1F71-7035-99305FBECBC8</UniqueIdentifier>
    </Filter>
    <Filter Include="Source Files\gui\containers">
      <UniqueIdentifier>32DAAD53-A428-4604-C56B-5AD9B7922E0B</UniqueIdentifier>
    </Filter>
    <Filter Include="Header Files\gui\containers">
      <UniqueIdentifier>FB9E429D-E934-B8DA-EE04-68DEFD38AB57</UniqueIdentifier>
    </Filter>
    <Filter Include="Header Files\gui\main_screen">
      <UniqueIdentifier>C60BBE5E-9789-A21E-B567-F8FC8228D882</UniqueIdentifier>
    </Filter>
    <Filter Include="Source Files\gui\main_screen">
      <UniqueIdentifier>8E433D5B-153D-7205-981B-F019A66F39C3</UniqueIdentifier>
    </Filter>
    <Filter Include="Source Files\generated\gui_generated\containers">
      <UniqueIdentifier>38E09166-83E2-6889-5A25-9CA915DCDDA1</UniqueIdentifier>
    </Filter>
    <Filter Include="Header Files\generated\gui_generated\main_screen">
      <UniqueIdentifier>0EB19747-298D-BC7E-AAA7-007B12337AE8</UniqueIdentifier>
    </Filter>
    <Filter Include="Source Files\generated\gui_generated\main_screen">
      <UniqueIdentifier>EA59A29A-389A-EB52-63B1-069AFF26AE40</UniqueIdentifier>
    </Filter>
    <Filter Include="Header Files\generated\gui_generated\containers">
      <UniqueIdentifier>E57F0151-9BE2-6CA9-E028-671FF45329EC</UniqueIdentifier>
    </Filter>
    <Filter Include="Header Files\gui\timer_screen">
      <UniqueIdentifier>0F5C9A91-BA80-5A27-2580-F2795DF0B323</UniqueIdentifier>
    </Filter>
    <Filter Include="Source Files\gui\timer_screen">
      <UniqueIdentifier>9CEC232C-46C0-A0F4-B125-E98BFA3D6335</UniqueIdentifier>
    </Filter>
    <Filter Include="Header Files\gui\locat_screen">
      <UniqueIdentifier>FD90E6DB-EFE9-6EBB-7399-55A4C2321EBF</UniqueIdentifier>
    </Filter>
    <Filter Include="Source Files\gui\locat_screen">
      <UniqueIdentifier>DB062B8E-3520-A822-CCEA-628E8C5750EB</UniqueIdentifier>
    </Filter>
    <Filter Include="Source Files\generated\gui_generated\timer_screen">
      <UniqueIdentifier>E2801067-F735-1040-2FC1-0B955B3DADB8</UniqueIdentifier>
    </Filter>
    <Filter Include="Header Files\generated\gui_generated\locat_screen">
      <UniqueIdentifier>1243CEE0-4C21-44F6-2D81-1EDE2F2040F9</UniqueIdentifier>
    </Filter>
    <Filter Include="Source Files\generated\gui_generated\locat_screen">
      <UniqueIdentifier>019E9A60-5F6F-3EC4-E665-079EC68D245F</UniqueIdentifier>
    </Filter>
    <Filter Include="Header Files\generated\gui_generated\timer_screen">
      <UniqueIdentifier>C1D68FF9-D250-3C33-54A9-573FCB7B7E45</UniqueIdentifier>
    </Filter>
    <Filter Include="Source Files\gui\imu_screen">
      <UniqueIdentifier>0E84F880-A63F-48B2-93D0-16A1AEF30E16</UniqueIdentifier>
    </Filter>
    <Filter Include="Header Files\gui\imu_screen">
      <UniqueIdentifier>50D84A47-BBA0-B079-D01C-57DC50B20A80</UniqueIdentifier>
    </Filter>
    <Filter Include="Header Files\generated\gui_generated\imu_screen">
      <UniqueIdentifier>38A4217C-647A-934B-EB14-AE8BE60D589A</UniqueIdentifier>
    </Filter>
    <Filter Include="Source Files\generated\gui_generated\imu_screen">
      <UniqueIdentifier>E3973DE9-CFD3-9BEF-23D8-5616BD8E3C55</UniqueIdentifier>
    </Filter>
    <Filter Include="Header Files\gui\compass_screen">
      <UniqueIdentifier>C88BAA3C-F5EF-9D83-EEED-FCC0A8747600</UniqueIdentifier>
    </Filter>
    <Filter Include="Source Files\gui\compass_screen">
      <UniqueIdentifier>5154D64D-7E48-BCBA-1D98-078150155FFB</UniqueIdentifier>
    </Filter>
    <Filter Include="Source Files\gui\sport_screen">
      <UniqueIdentifier>6B11FD29-0B0F-8346-88DB-B8644E296947</UniqueIdentifier>
    </Filter>
    <Filter Include="Header Files\gui\sport_screen">
      <UniqueIdentifier>DF8FEE56-3873-0705-E393-AAA63661DCD7</UniqueIdentifier>
    </Filter>
    <Filter Include="Header Files\gui\cam_screen">
      <UniqueIdentifier>F9695714-2C59-BE0B-CC14-FB0F9E0A6DC3</UniqueIdentifier>
    </Filter>
    <Filter Include="Source Files\gui\cam_screen">
      <UniqueIdentifier>ECE97FE5-3120-95DA-0C89-E17171177B95</UniqueIdentifier>
    </Filter>
    <Filter Include="Source Files\gui\system_screen">
      <UniqueIdentifier>4C8F4371-F7FB-3444-0EE5-B5CA07A932F8</UniqueIdentifier>
    </Filter>
    <Filter Include="Header Files\gui\system_screen">
      <UniqueIdentifier>924504DA-D554-D2A5-EEBE-91E95F862E69</UniqueIdentifier>
    </Filter>
    <Filter Include="Header Files\gui\health_screen">
      <UniqueIdentifier>23FAFF64-E8E3-4D35-8AF5-93C3BDD4DF3B</UniqueIdentifier>
    </Filter>
    <Filter Include="Source Files\gui\health_screen">
      <UniqueIdentifier>F7B650C2-A30A-48F0-1F8D-5A05D2346F22</UniqueIdentifier>
    </Filter>
    <Filter Include="Header Files\generated\gui_generated\system_screen">
      <UniqueIdentifier>472BED51-F447-D6FE-B944-9BD5C0D2F54F</UniqueIdentifier>
    </Filter>
    <Filter Include="Source Files\generated\gui_generated\system_screen">
      <UniqueIdentifier>0BD13A35-6D23-64D7-9B2A-1319AAE38CC3</UniqueIdentifier>
    </Filter>
    <Filter Include="Header Files\generated\gui_generated\sport_screen">
      <UniqueIdentifier>D0E10BA0-1F22-EB9D-C3E2-86581466188B</UniqueIdentifier>
    </Filter>
    <Filter Include="Source Files\generated\gui_generated\sport_screen">
      <UniqueIdentifier>FB9F11E4-698C-08AA-6324-3C55AC302545</UniqueIdentifier>
    </Filter>
    <Filter Include="Source Files\generated\gui_generated\cam_screen">
      <UniqueIdentifier>A481B6DA-262D-5803-329C-A55FF200930C</UniqueIdentifier>
    </Filter>
    <Filter Include="Header Files\generated\gui_generated\cam_screen">
      <UniqueIdentifier>8F0A916A-A010-4CDB-E6FD-FB48C72E3A31</UniqueIdentifier>
    </Filter>
    <Filter Include="Source Files\generated\gui_generated\compass_screen">
      <UniqueIdentifier>BBF0710B-D60D-13EC-DC81-4277F6066163</UniqueIdentifier>
    </Filter>
    <Filter Include="Header Files\generated\gui_generated\health_screen">
      <UniqueIdentifier>F9F51AB6-C8FE-338D-F3F0-7DBC39465D33</UniqueIdentifier>
    </Filter>
    <Filter Include="Source Files\generated\gui_generated\health_screen">
      <UniqueIdentifier>4E6A80C8-F831-F27F-B1E4-0A1B67230483</UniqueIdentifier>
    </Filter>
    <Filter Include="Header Files\generated\gui_generated\compass_screen">
      <UniqueIdentifier>3ABB081C-AE2B-C36A-B527-31A2E9611FA9</UniqueIdentifier>
    </Filter>
    <Filter Include="Header Files\gui\env_screen">
      <UniqueIdentifier>A9ED3432-2A76-4774-8BCF-8FE30AB7745E</UniqueIdentifier>
    </Filter>
    <Filter Include="Source Files\gui\env_screen">
      <UniqueIdentifier>F8FDB5C3-F7C0-6D02-3A9C-99CB039904DE</UniqueIdentifier>
    </Filter>
    <Filter Include="Header Files\generated\gui_generated\env_screen">
      <UniqueIdentifier>2D335027-E973-3CD7-5967-E3F734D43101</UniqueIdentifier>
    </Filter>
    <Filter Include="Source Files\generated\gui_generated\env_screen">
      <UniqueIdentifier>1AFF6BDB-F392-BF39-399B-C5B865E1B55D</UniqueIdentifier>
    </Filter>
    <Filter Include="Header Files\gui\game_screen">
      <UniqueIdentifier>C4F56BBF-EC92-43EC-9E32-67D93DF7B256</UniqueIdentifier>
    </Filter>
    <Filter Include="Source Files\gui\game_screen">
      <UniqueIdentifier>608397D9-1D19-5B80-5E66-76E64290B16B</UniqueIdentifier>
    </Filter>
    <Filter Include="Header Files\generated\gui_generated\game_screen">
      <UniqueIdentifier>C17A213F-EAF5-0F2B-65BF-352BACC4CB7C</UniqueIdentifier>
    </Filter>
    <Filter Include="Source Files\generated\gui_generated\game_screen">
      <UniqueIdentifier>584854F0-FB8E-ABC0-8B9E-3DC817A95A71</UniqueIdentifier>
    </Filter>
    <Filter Include="Source Files\gui\cam_setting_screen">
      <UniqueIdentifier>F1A14B9D-7F79-AAC7-1445-DBF6A4B7E0D9</UniqueIdentifier>
    </Filter>
    <Filter Include="Header Files\gui\cam_setting_screen">
      <UniqueIdentifier>6A1021EF-B50E-AC64-D4F8-A47EF959613B</UniqueIdentifier>
    </Filter>
    <Filter Include="Header Files\generated\gui_generated\cam_setting_screen">
      <UniqueIdentifier>C789B334-252A-822A-476A-7CD0ABAECD84</UniqueIdentifier>
    </Filter>
    <Filter Include="Source Files\generated\gui_generated\cam_setting_screen">
      <UniqueIdentifier>7EF2DB9E-62E8-B5F9-C2B9-A815D038ADB4</UniqueIdentifier>
    </Filter>
    <Filter Include="Source Files\gui\sport_setting_screen">
      <UniqueIdentifier>57F2ED5B-BF76-48A4-EEA3-E8241E2CA49C</UniqueIdentifier>
    </Filter>
    <Filter Include="Header Files\gui\sport_setting_screen">
      <UniqueIdentifier>564DEE3B-110B-C8DE-B165-1CAB6787F5E9</UniqueIdentifier>
    </Filter>
    <Filter Include="Header Files\generated\gui_generated\sport_setting_screen">
      <UniqueIdentifier>FB3F41E1-4CF8-537B-D261-FDD31C44F418</UniqueIdentifier>
    </Filter>
    <Filter Include="Source Files\generated\gui_generated\sport_setting_screen">
      <UniqueIdentifier>9CDAD9C8-57C8-D8D8-95FC-DAAFF01D1578</UniqueIdentifier>
    </Filter>
  </ItemGroup>
  <ItemGroup>
    <ClCompile Include="$(TouchGFXReleasePath)\framework\source\platform\driver\touch\SDL2TouchController.cpp">
      <Filter>Source Files\TouchGFX\platform\driver\touch</Filter>
    </ClCompile>
    <ClCompile Include="$(TouchGFXReleasePath)\framework\source\platform\hal\simulator\sdl2\HALSDL2.cpp">
      <Filter>Source Files\TouchGFX\platform\hal\simulator\sdl2</Filter>
    </ClCompile>
    <ClCompile Include="$(TouchGFXReleasePath)\framework\source\platform\hal\simulator\sdl2\HALSDL2_icon.cpp">
      <Filter>Source Files\TouchGFX\platform\hal\simulator\sdl2</Filter>
    </ClCompile>
    <ClCompile Include="$(TouchGFXReleasePath)\framework\source\platform\hal\simulator\sdl2\OSWrappers.cpp">
      <Filter>Source Files\TouchGFX\platform\hal\simulator\sdl2</Filter>
    </ClCompile>
    <ClCompile Include="$(ApplicationRoot)\simulator\main.cpp">
      <Filter>Source Files\simulator</Filter>
    </ClCompile>
    <ClCompile Include="$(ApplicationRoot)\generated\simulator\src\mainBase.cpp">
      <Filter>Source Files\generated\simulator</Filter>
    </ClCompile>
    <ClCompile Include="..\..\gui\src\common\FrontendApplication.cpp">
      <Filter>Source Files\gui\common</Filter>
    </ClCompile>
    <ClCompile Include="..\..\generated\gui_generated\src\common\FrontendApplicationBase.cpp">
      <Filter>Source Files\generated\gui_generated\common</Filter>
    </ClCompile>
    <ClCompile Include="..\..\gui\src\model\Model.cpp">
      <Filter>Source Files\gui\model</Filter>
    </ClCompile>
    <ClCompile Include="..\..\generated\simulator\src\video\SoftwareMJPEGDecoder.cpp">
      <Filter>Source Files\generated\simulator\video</Filter>
    </ClCompile>
    <ClCompile Include="..\..\gui\src\main_screen\MainPresenter.cpp">
      <Filter>Source Files\gui\main_screen</Filter>
    </ClCompile>
    <ClCompile Include="..\..\gui\src\main_screen\MainView.cpp">
      <Filter>Source Files\gui\main_screen</Filter>
    </ClCompile>
    <ClCompile Include="..\..\generated\gui_generated\src\main_screen\MainViewBase.cpp">
      <Filter>Source Files\generated\gui_generated\main_screen</Filter>
    </ClCompile>
    <ClCompile Include="..\..\gui\src\containers\TEST.cpp">
      <Filter>Source Files\gui\containers</Filter>
    </ClCompile>
    <ClCompile Include="..\..\generated\gui_generated\src\containers\TESTBase.cpp">
      <Filter>Source Files\generated\gui_generated\containers</Filter>
    </ClCompile>
    <ClCompile Include="..\..\gui\src\locat_screen\LOCATPresenter.cpp">
      <Filter>Source Files\gui\locat_screen</Filter>
    </ClCompile>
    <ClCompile Include="..\..\gui\src\locat_screen\LOCATView.cpp">
      <Filter>Source Files\gui\locat_screen</Filter>
    </ClCompile>
    <ClCompile Include="..\..\generated\gui_generated\src\locat_screen\LOCATViewBase.cpp">
      <Filter>Source Files\generated\gui_generated\locat_screen</Filter>
    </ClCompile>
    <ClCompile Include="..\..\gui\src\timer_screen\TIMERPresenter.cpp">
      <Filter>Source Files\gui\timer_screen</Filter>
    </ClCompile>
    <ClCompile Include="..\..\gui\src\timer_screen\TIMERView.cpp">
      <Filter>Source Files\gui\timer_screen</Filter>
    </ClCompile>
    <ClCompile Include="..\..\generated\gui_generated\src\timer_screen\TIMERViewBase.cpp">
      <Filter>Source Files\generated\gui_generated\timer_screen</Filter>
    </ClCompile>
    <ClCompile Include="..\..\gui\src\imu_screen\IMUPresenter.cpp">
      <Filter>Source Files\gui\imu_screen</Filter>
    </ClCompile>
    <ClCompile Include="..\..\gui\src\imu_screen\IMUView.cpp">
      <Filter>Source Files\gui\imu_screen</Filter>
    </ClCompile>
    <ClCompile Include="..\..\generated\gui_generated\src\imu_screen\IMUViewBase.cpp">
      <Filter>Source Files\generated\gui_generated\imu_screen</Filter>
    </ClCompile>
    <ClCompile Include="..\..\gui\src\cam_screen\CAMPresenter.cpp">
      <Filter>Source Files\gui\cam_screen</Filter>
    </ClCompile>
    <ClCompile Include="..\..\gui\src\cam_screen\CAMView.cpp">
      <Filter>Source Files\gui\cam_screen</Filter>
    </ClCompile>
    <ClCompile Include="..\..\generated\gui_generated\src\cam_screen\CAMViewBase.cpp">
      <Filter>Source Files\generated\gui_generated\cam_screen</Filter>
    </ClCompile>
    <ClCompile Include="..\..\gui\src\compass_screen\COMPASSPresenter.cpp">
      <Filter>Source Files\gui\compass_screen</Filter>
    </ClCompile>
    <ClCompile Include="..\..\gui\src\compass_screen\COMPASSView.cpp">
      <Filter>Source Files\gui\compass_screen</Filter>
    </ClCompile>
    <ClCompile Include="..\..\generated\gui_generated\src\compass_screen\COMPASSViewBase.cpp">
      <Filter>Source Files\generated\gui_generated\compass_screen</Filter>
    </ClCompile>
    <ClCompile Include="..\..\gui\src\health_screen\HEALTHPresenter.cpp">
      <Filter>Source Files\gui\health_screen</Filter>
    </ClCompile>
    <ClCompile Include="..\..\gui\src\health_screen\HEALTHView.cpp">
      <Filter>Source Files\gui\health_screen</Filter>
    </ClCompile>
    <ClCompile Include="..\..\generated\gui_generated\src\health_screen\HEALTHViewBase.cpp">
      <Filter>Source Files\generated\gui_generated\health_screen</Filter>
    </ClCompile>
    <ClCompile Include="..\..\gui\src\sport_screen\SPORTPresenter.cpp">
      <Filter>Source Files\gui\sport_screen</Filter>
    </ClCompile>
    <ClCompile Include="..\..\gui\src\sport_screen\SPORTView.cpp">
      <Filter>Source Files\gui\sport_screen</Filter>
    </ClCompile>
    <ClCompile Include="..\..\generated\gui_generated\src\sport_screen\SPORTViewBase.cpp">
      <Filter>Source Files\generated\gui_generated\sport_screen</Filter>
    </ClCompile>
    <ClCompile Include="..\..\gui\src\system_screen\SYSTEMPresenter.cpp">
      <Filter>Source Files\gui\system_screen</Filter>
    </ClCompile>
    <ClCompile Include="..\..\gui\src\system_screen\SYSTEMView.cpp">
      <Filter>Source Files\gui\system_screen</Filter>
    </ClCompile>
    <ClCompile Include="..\..\generated\gui_generated\src\system_screen\SYSTEMViewBase.cpp">
      <Filter>Source Files\generated\gui_generated\system_screen</Filter>
    </ClCompile>
    <ClCompile Include="..\..\gui\src\env_screen\ENVPresenter.cpp">
      <Filter>Source Files\gui\env_screen</Filter>
    </ClCompile>
    <ClCompile Include="..\..\gui\src\env_screen\ENVView.cpp">
      <Filter>Source Files\gui\env_screen</Filter>
    </ClCompile>
    <ClCompile Include="..\..\generated\gui_generated\src\env_screen\ENVViewBase.cpp">
      <Filter>Source Files\generated\gui_generated\env_screen</Filter>
    </ClCompile>
    <ClCompile Include="..\..\gui\src\containers\GNSS.cpp">
      <Filter>Source Files\gui\containers</Filter>
    </ClCompile>
    <ClCompile Include="..\..\generated\gui_generated\src\containers\GNSSBase.cpp">
      <Filter>Source Files\generated\gui_generated\containers</Filter>
    </ClCompile>
    <ClCompile Include="..\..\gui\src\game_screen\GAMEPresenter.cpp">
      <Filter>Source Files\gui\game_screen</Filter>
    </ClCompile>
    <ClCompile Include="..\..\gui\src\game_screen\GAMEView.cpp">
      <Filter>Source Files\gui\game_screen</Filter>
    </ClCompile>
    <ClCompile Include="..\..\generated\gui_generated\src\game_screen\GAMEViewBase.cpp">
      <Filter>Source Files\generated\gui_generated\game_screen</Filter>
    </ClCompile>
    <ClCompile Include="..\..\gui\src\containers\ARONA.cpp">
      <Filter>Source Files\gui\containers</Filter>
    </ClCompile>
    <ClCompile Include="..\..\generated\gui_generated\src\containers\ARONABase.cpp">
      <Filter>Source Files\generated\gui_generated\containers</Filter>
    </ClCompile>
    <ClCompile Include="..\..\gui\src\containers\Calender.cpp">
      <Filter>Source Files\gui\containers</Filter>
    </ClCompile>
    <ClCompile Include="..\..\generated\gui_generated\src\containers\CalenderBase.cpp">
      <Filter>Source Files\generated\gui_generated\containers</Filter>
    </ClCompile>
    <ClCompile Include="..\..\gui\src\cam_setting_screen\CAM_settingPresenter.cpp">
      <Filter>Source Files\gui\cam_setting_screen</Filter>
    </ClCompile>
    <ClCompile Include="..\..\gui\src\cam_setting_screen\CAM_settingView.cpp">
      <Filter>Source Files\gui\cam_setting_screen</Filter>
    </ClCompile>
    <ClCompile Include="..\..\generated\gui_generated\src\cam_setting_screen\CAM_settingViewBase.cpp">
      <Filter>Source Files\generated\gui_generated\cam_setting_screen</Filter>
    </ClCompile>
    <ClCompile Include="..\..\gui\src\containers\SYSTEM.cpp">
      <Filter>Source Files\gui\containers</Filter>
    </ClCompile>
    <ClCompile Include="..\..\generated\gui_generated\src\containers\SYSTEMBase.cpp">
      <Filter>Source Files\generated\gui_generated\containers</Filter>
    </ClCompile>
    <ClCompile Include="..\..\gui\src\containers\CLOCK_INNER.cpp">
      <Filter>Source Files\gui\containers</Filter>
    </ClCompile>
    <ClCompile Include="..\..\generated\gui_generated\src\containers\CLOCK_INNERBase.cpp">
      <Filter>Source Files\generated\gui_generated\containers</Filter>
    </ClCompile>
    <ClCompile Include="..\..\gui\src\sport_setting_screen\SPORT_SETTINGPresenter.cpp">
      <Filter>Source Files\gui\sport_setting_screen</Filter>
    </ClCompile>
    <ClCompile Include="..\..\gui\src\sport_setting_screen\SPORT_SETTINGView.cpp">
      <Filter>Source Files\gui\sport_setting_screen</Filter>
    </ClCompile>
    <ClCompile Include="..\..\generated\gui_generated\src\sport_setting_screen\SPORT_SETTINGViewBase.cpp">
      <Filter>Source Files\generated\gui_generated\sport_setting_screen</Filter>
    </ClCompile>
  </ItemGroup>
  <ItemGroup>
    <None Include="$(ApplicationRoot)\assets\texts\texts.xml">
      <Filter>Resource Files\assets\texts</Filter>
    </None>
    <None Include="$(ApplicationRoot)\config\msvs\Application.props">
      <Filter>Resource Files\config\msvs</Filter>
    </None>
  </ItemGroup>
  <ItemGroup>
    <ClInclude Include="$(TouchGFXReleasePath)\framework\include\common\AbstractPartition.hpp">
      <Filter>Header Files\TouchGFX\common</Filter>
    </ClInclude>
    <ClInclude Include="$(TouchGFXReleasePath)\framework\include\common\Meta.hpp">
      <Filter>Header Files\TouchGFX\common</Filter>
    </ClInclude>
    <ClInclude Include="$(TouchGFXReleasePath)\framework\include\common\Partition.hpp">
      <Filter>Header Files\TouchGFX\common</Filter>
    </ClInclude>
    <ClInclude Include="$(TouchGFXReleasePath)\framework\include\common\TouchGFXInit.hpp">
      <Filter>Header Files\TouchGFX\common</Filter>
    </ClInclude>
    <ClInclude Include="$(TouchGFXReleasePath)\framework\include\mvp\MVPApplication.hpp">
      <Filter>Header Files\TouchGFX\mvp</Filter>
    </ClInclude>
    <ClInclude Include="$(TouchGFXReleasePath)\framework\include\mvp\MVPHeap.hpp">
      <Filter>Header Files\TouchGFX\mvp</Filter>
    </ClInclude>
    <ClInclude Include="$(TouchGFXReleasePath)\framework\include\mvp\Presenter.hpp">
      <Filter>Header Files\TouchGFX\mvp</Filter>
    </ClInclude>
    <ClInclude Include="$(TouchGFXReleasePath)\framework\include\mvp\View.hpp">
      <Filter>Header Files\TouchGFX\mvp</Filter>
    </ClInclude>
    <ClInclude Include="$(TouchGFXReleasePath)\framework\include\platform\driver\lcd\LCD16bpp.hpp">
      <Filter>Header Files\TouchGFX\platform\driver\lcd</Filter>
    </ClInclude>
    <ClInclude Include="$(TouchGFXReleasePath)\framework\include\platform\driver\lcd\LCD1bpp.hpp">
      <Filter>Header Files\TouchGFX\platform\driver\lcd</Filter>
    </ClInclude>
    <ClInclude Include="$(TouchGFXReleasePath)\framework\include\platform\driver\lcd\LCD24bpp.hpp">
      <Filter>Header Files\TouchGFX\platform\driver\lcd</Filter>
    </ClInclude>
    <ClInclude Include="$(TouchGFXReleasePath)\framework\include\platform\driver\lcd\LCD2bpp.hpp">
      <Filter>Header Files\TouchGFX\platform\driver\lcd</Filter>
    </ClInclude>
    <ClInclude Include="$(TouchGFXReleasePath)\framework\include\platform\driver\lcd\LCD4bpp.hpp">
      <Filter>Header Files\TouchGFX\platform\driver\lcd</Filter>
    </ClInclude>
    <ClInclude Include="$(TouchGFXReleasePath)\framework\include\platform\driver\touch\SDL2TouchController.hpp">
      <Filter>Header Files\TouchGFX\platform\driver\touch</Filter>
    </ClInclude>
    <ClInclude Include="$(TouchGFXReleasePath)\framework\include\platform\hal\simulator\sdl2\HALSDL2.hpp">
      <Filter>Header Files\TouchGFX\platform\hal\simulator\sdl2</Filter>
    </ClInclude>
    <ClInclude Include="$(TouchGFXReleasePath)\framework\include\touchgfx\Application.hpp">
      <Filter>Header Files\TouchGFX\touchgfx</Filter>
    </ClInclude>
    <ClInclude Include="$(TouchGFXReleasePath)\framework\include\touchgfx\Bitmap.hpp">
      <Filter>Header Files\TouchGFX\touchgfx</Filter>
    </ClInclude>
    <ClInclude Include="$(TouchGFXReleasePath)\framework\include\touchgfx\Callback.hpp">
      <Filter>Header Files\TouchGFX\touchgfx</Filter>
    </ClInclude>
    <ClInclude Include="$(TouchGFXReleasePath)\framework\include\touchgfx\canvas_widget_renderer\CanvasWidgetRenderer.hpp">
      <Filter>Header Files\TouchGFX\touchgfx\canvas_widget_renderer</Filter>
    </ClInclude>
    <ClInclude Include="$(TouchGFXReleasePath)\framework\include\touchgfx\canvas_widget_renderer\Cell.hpp">
      <Filter>Header Files\TouchGFX\touchgfx\canvas_widget_renderer</Filter>
    </ClInclude>
    <ClInclude Include="$(TouchGFXReleasePath)\framework\include\touchgfx\canvas_widget_renderer\Outline.hpp">
      <Filter>Header Files\TouchGFX\touchgfx\canvas_widget_renderer</Filter>
    </ClInclude>
    <ClInclude Include="$(TouchGFXReleasePath)\framework\include\touchgfx\canvas_widget_renderer\Rasterizer.hpp">
      <Filter>Header Files\TouchGFX\touchgfx\canvas_widget_renderer</Filter>
    </ClInclude>
    <ClInclude Include="$(TouchGFXReleasePath)\framework\include\touchgfx\canvas_widget_renderer\Renderer.hpp">
      <Filter>Header Files\TouchGFX\touchgfx\canvas_widget_renderer</Filter>
    </ClInclude>
    <ClInclude Include="$(TouchGFXReleasePath)\framework\include\touchgfx\canvas_widget_renderer\RenderingBuffer.hpp">
      <Filter>Header Files\TouchGFX\touchgfx\canvas_widget_renderer</Filter>
    </ClInclude>
    <ClInclude Include="$(TouchGFXReleasePath)\framework\include\touchgfx\canvas_widget_renderer\RGBA8.hpp">
      <Filter>Header Files\TouchGFX\touchgfx\canvas_widget_renderer</Filter>
    </ClInclude>
    <ClInclude Include="$(TouchGFXReleasePath)\framework\include\touchgfx\canvas_widget_renderer\Scanline.hpp">
      <Filter>Header Files\TouchGFX\touchgfx\canvas_widget_renderer</Filter>
    </ClInclude>
    <ClInclude Include="$(TouchGFXReleasePath)\framework\include\touchgfx\Color.hpp">
      <Filter>Header Files\TouchGFX\touchgfx</Filter>
    </ClInclude>
    <ClInclude Include="$(TouchGFXReleasePath)\framework\include\touchgfx\ConstFont.hpp">
      <Filter>Header Files\TouchGFX\touchgfx</Filter>
    </ClInclude>
    <ClInclude Include="$(TouchGFXReleasePath)\framework\include\touchgfx\containers\clock\AbstractClock.hpp">
      <Filter>Header Files\TouchGFX\touchgfx\containers\clock</Filter>
    </ClInclude>
    <ClInclude Include="$(TouchGFXReleasePath)\framework\include\touchgfx\containers\clock\AnalogClock.hpp">
      <Filter>Header Files\TouchGFX\touchgfx\containers\clock</Filter>
    </ClInclude>
    <ClInclude Include="$(TouchGFXReleasePath)\framework\include\touchgfx\containers\clock\DigitalClock.hpp">
      <Filter>Header Files\TouchGFX\touchgfx\containers\clock</Filter>
    </ClInclude>
    <ClInclude Include="$(TouchGFXReleasePath)\framework\include\touchgfx\containers\Container.hpp">
      <Filter>Header Files\TouchGFX\touchgfx\containers</Filter>
    </ClInclude>
    <ClInclude Include="$(TouchGFXReleasePath)\framework\include\touchgfx\containers\ListLayout.hpp">
      <Filter>Header Files\TouchGFX\touchgfx\containers</Filter>
    </ClInclude>
    <ClInclude Include="$(TouchGFXReleasePath)\framework\include\touchgfx\containers\ModalWindow.hpp">
      <Filter>Header Files\TouchGFX\touchgfx\containers</Filter>
    </ClInclude>
    <ClInclude Include="$(TouchGFXReleasePath)\framework\include\touchgfx\containers\progress_indicators\AbstractDirectionProgress.hpp">
      <Filter>Header Files\TouchGFX\touchgfx\containers\progress_indicators</Filter>
    </ClInclude>
    <ClInclude Include="$(TouchGFXReleasePath)\framework\include\touchgfx\containers\progress_indicators\AbstractProgressIndicator.hpp">
      <Filter>Header Files\TouchGFX\touchgfx\containers\progress_indicators</Filter>
    </ClInclude>
    <ClInclude Include="$(TouchGFXReleasePath)\framework\include\touchgfx\containers\progress_indicators\BoxProgress.hpp">
      <Filter>Header Files\TouchGFX\touchgfx\containers\progress_indicators</Filter>
    </ClInclude>
    <ClInclude Include="$(TouchGFXReleasePath)\framework\include\touchgfx\containers\progress_indicators\CircleProgress.hpp">
      <Filter>Header Files\TouchGFX\touchgfx\containers\progress_indicators</Filter>
    </ClInclude>
    <ClInclude Include="$(TouchGFXReleasePath)\framework\include\touchgfx\containers\progress_indicators\ImageProgress.hpp">
      <Filter>Header Files\TouchGFX\touchgfx\containers\progress_indicators</Filter>
    </ClInclude>
    <ClInclude Include="$(TouchGFXReleasePath)\framework\include\touchgfx\containers\progress_indicators\LineProgress.hpp">
      <Filter>Header Files\TouchGFX\touchgfx\containers\progress_indicators</Filter>
    </ClInclude>
    <ClInclude Include="$(TouchGFXReleasePath)\framework\include\touchgfx\containers\progress_indicators\TextProgress.hpp">
      <Filter>Header Files\TouchGFX\touchgfx\containers\progress_indicators</Filter>
    </ClInclude>
    <ClInclude Include="$(TouchGFXReleasePath)\framework\include\touchgfx\containers\ScrollableContainer.hpp">
      <Filter>Header Files\TouchGFX\touchgfx\containers</Filter>
    </ClInclude>
    <ClInclude Include="$(TouchGFXReleasePath)\framework\include\touchgfx\containers\SlideMenu.hpp">
      <Filter>Header Files\TouchGFX\touchgfx\containers</Filter>
    </ClInclude>
    <ClInclude Include="$(TouchGFXReleasePath)\framework\include\touchgfx\containers\Slider.hpp">
      <Filter>Header Files\TouchGFX\touchgfx\containers</Filter>
    </ClInclude>
    <ClInclude Include="$(TouchGFXReleasePath)\framework\include\touchgfx\containers\ZoomAnimationImage.hpp">
      <Filter>Header Files\TouchGFX\touchgfx\containers</Filter>
    </ClInclude>
    <ClInclude Include="$(TouchGFXReleasePath)\framework\include\touchgfx\Drawable.hpp">
      <Filter>Header Files\TouchGFX\touchgfx</Filter>
    </ClInclude>
    <ClInclude Include="$(TouchGFXReleasePath)\framework\include\touchgfx\EasingEquations.hpp">
      <Filter>Header Files\TouchGFX\touchgfx</Filter>
    </ClInclude>
    <ClInclude Include="$(TouchGFXReleasePath)\framework\include\touchgfx\Event.hpp">
      <Filter>Header Files\TouchGFX\touchgfx</Filter>
    </ClInclude>
    <ClInclude Include="$(TouchGFXReleasePath)\framework\include\touchgfx\events\ClickEvent.hpp">
      <Filter>Header Files\TouchGFX\touchgfx\events</Filter>
    </ClInclude>
    <ClInclude Include="$(TouchGFXReleasePath)\framework\include\touchgfx\events\DragEvent.hpp">
      <Filter>Header Files\TouchGFX\touchgfx\events</Filter>
    </ClInclude>
    <ClInclude Include="$(TouchGFXReleasePath)\framework\include\touchgfx\events\GestureEvent.hpp">
      <Filter>Header Files\TouchGFX\touchgfx\events</Filter>
    </ClInclude>
    <ClInclude Include="$(TouchGFXReleasePath)\framework\include\touchgfx\Font.hpp">
      <Filter>Header Files\TouchGFX\touchgfx</Filter>
    </ClInclude>
    <ClInclude Include="$(TouchGFXReleasePath)\framework\include\touchgfx\FontManager.hpp">
      <Filter>Header Files\TouchGFX\touchgfx</Filter>
    </ClInclude>
    <ClInclude Include="$(TouchGFXReleasePath)\framework\include\touchgfx\hal\Atomic.hpp">
      <Filter>Header Files\TouchGFX\touchgfx\hal</Filter>
    </ClInclude>
    <ClInclude Include="$(TouchGFXReleasePath)\framework\include\touchgfx\hal\BlitOp.hpp">
      <Filter>Header Files\TouchGFX\touchgfx\hal</Filter>
    </ClInclude>
    <ClInclude Include="$(TouchGFXReleasePath)\framework\include\touchgfx\hal\BoardConfiguration.hpp">
      <Filter>Header Files\TouchGFX\touchgfx\hal</Filter>
    </ClInclude>
    <ClInclude Include="$(TouchGFXReleasePath)\framework\include\touchgfx\hal\Buttons.hpp">
      <Filter>Header Files\TouchGFX\touchgfx\hal</Filter>
    </ClInclude>
    <ClInclude Include="$(TouchGFXReleasePath)\framework\include\touchgfx\hal\Config.hpp">
      <Filter>Header Files\TouchGFX\touchgfx\hal</Filter>
    </ClInclude>
    <ClInclude Include="$(TouchGFXReleasePath)\framework\include\touchgfx\hal\DMA.hpp">
      <Filter>Header Files\TouchGFX\touchgfx\hal</Filter>
    </ClInclude>
    <ClInclude Include="$(TouchGFXReleasePath)\framework\include\touchgfx\hal\Gestures.hpp">
      <Filter>Header Files\TouchGFX\touchgfx\hal</Filter>
    </ClInclude>
    <ClInclude Include="$(TouchGFXReleasePath)\framework\include\touchgfx\hal\GPIO.hpp">
      <Filter>Header Files\TouchGFX\touchgfx\hal</Filter>
    </ClInclude>
    <ClInclude Include="$(TouchGFXReleasePath)\framework\include\touchgfx\hal\HAL.hpp">
      <Filter>Header Files\TouchGFX\touchgfx\hal</Filter>
    </ClInclude>
    <ClInclude Include="$(TouchGFXReleasePath)\framework\include\touchgfx\hal\LED.hpp">
      <Filter>Header Files\TouchGFX\touchgfx\hal</Filter>
    </ClInclude>
    <ClInclude Include="$(TouchGFXReleasePath)\framework\include\touchgfx\hal\NoDMA.hpp">
      <Filter>Header Files\TouchGFX\touchgfx\hal</Filter>
    </ClInclude>
    <ClInclude Include="$(TouchGFXReleasePath)\framework\include\touchgfx\hal\OSWrappers.hpp">
      <Filter>Header Files\TouchGFX\touchgfx\hal</Filter>
    </ClInclude>
    <ClInclude Include="$(TouchGFXReleasePath)\framework\include\touchgfx\hal\Types.hpp">
      <Filter>Header Files\TouchGFX\touchgfx\hal</Filter>
    </ClInclude>
    <ClInclude Include="$(TouchGFXReleasePath)\framework\include\touchgfx\InternalFlashFont.hpp">
      <Filter>Header Files\TouchGFX\touchgfx</Filter>
    </ClInclude>
    <ClInclude Include="$(TouchGFXReleasePath)\framework\include\touchgfx\JSMOCHelper.hpp">
      <Filter>Header Files\TouchGFX\touchgfx</Filter>
    </ClInclude>
    <ClInclude Include="$(TouchGFXReleasePath)\framework\include\touchgfx\lcd\LCD.hpp">
      <Filter>Header Files\TouchGFX\touchgfx\lcd</Filter>
    </ClInclude>
    <ClInclude Include="$(TouchGFXReleasePath)\framework\include\touchgfx\Math3D.hpp">
      <Filter>Header Files\TouchGFX\touchgfx</Filter>
    </ClInclude>
    <ClInclude Include="$(TouchGFXReleasePath)\framework\include\touchgfx\mixins\ClickListener.hpp">
      <Filter>Header Files\TouchGFX\touchgfx\mixins</Filter>
    </ClInclude>
    <ClInclude Include="$(TouchGFXReleasePath)\framework\include\touchgfx\mixins\Draggable.hpp">
      <Filter>Header Files\TouchGFX\touchgfx\mixins</Filter>
    </ClInclude>
    <ClInclude Include="$(TouchGFXReleasePath)\framework\include\touchgfx\mixins\FadeAnimator.hpp">
      <Filter>Header Files\TouchGFX\touchgfx\mixins</Filter>
    </ClInclude>
    <ClInclude Include="$(TouchGFXReleasePath)\framework\include\touchgfx\mixins\MoveAnimator.hpp">
      <Filter>Header Files\TouchGFX\touchgfx\mixins</Filter>
    </ClInclude>
    <ClInclude Include="$(TouchGFXReleasePath)\framework\include\touchgfx\mixins\PreRenderable.hpp">
      <Filter>Header Files\TouchGFX\touchgfx\mixins</Filter>
    </ClInclude>
    <ClInclude Include="$(TouchGFXReleasePath)\framework\include\touchgfx\mixins\Snapper.hpp">
      <Filter>Header Files\TouchGFX\touchgfx\mixins</Filter>
    </ClInclude>
    <ClInclude Include="$(TouchGFXReleasePath)\framework\include\touchgfx\Screen.hpp">
      <Filter>Header Files\TouchGFX\touchgfx</Filter>
    </ClInclude>
    <ClInclude Include="$(TouchGFXReleasePath)\framework\include\touchgfx\TextProvider.hpp">
      <Filter>Header Files\TouchGFX\touchgfx</Filter>
    </ClInclude>
    <ClInclude Include="$(TouchGFXReleasePath)\framework\include\touchgfx\Texts.hpp">
      <Filter>Header Files\TouchGFX\touchgfx</Filter>
    </ClInclude>
    <ClInclude Include="$(TouchGFXReleasePath)\framework\include\touchgfx\TextureMapTypes.hpp">
      <Filter>Header Files\TouchGFX\touchgfx</Filter>
    </ClInclude>
    <ClInclude Include="$(TouchGFXReleasePath)\framework\include\touchgfx\transforms\DisplayTransformation.hpp">
      <Filter>Header Files\TouchGFX\touchgfx\transforms</Filter>
    </ClInclude>
    <ClInclude Include="$(TouchGFXReleasePath)\framework\include\touchgfx\transforms\TouchCalibration.hpp">
      <Filter>Header Files\TouchGFX\touchgfx\transforms</Filter>
    </ClInclude>
    <ClInclude Include="$(TouchGFXReleasePath)\framework\include\touchgfx\transitions\NoTransition.hpp">
      <Filter>Header Files\TouchGFX\touchgfx\transitions</Filter>
    </ClInclude>
    <ClInclude Include="$(TouchGFXReleasePath)\framework\include\touchgfx\transitions\SlideTransition.hpp">
      <Filter>Header Files\TouchGFX\touchgfx\transitions</Filter>
    </ClInclude>
    <ClInclude Include="$(TouchGFXReleasePath)\framework\include\touchgfx\transitions\Transition.hpp">
      <Filter>Header Files\TouchGFX\touchgfx\transitions</Filter>
    </ClInclude>
    <ClInclude Include="$(TouchGFXReleasePath)\framework\include\touchgfx\TypedText.hpp">
      <Filter>Header Files\TouchGFX\touchgfx</Filter>
    </ClInclude>
    <ClInclude Include="$(TouchGFXReleasePath)\framework\include\touchgfx\UIEventListener.hpp">
      <Filter>Header Files\TouchGFX\touchgfx</Filter>
    </ClInclude>
    <ClInclude Include="$(TouchGFXReleasePath)\framework\include\touchgfx\Unicode.hpp">
      <Filter>Header Files\TouchGFX\touchgfx</Filter>
    </ClInclude>
    <ClInclude Include="$(TouchGFXReleasePath)\framework\include\touchgfx\Utils.hpp">
      <Filter>Header Files\TouchGFX\touchgfx</Filter>
    </ClInclude>
    <ClInclude Include="$(TouchGFXReleasePath)\framework\include\touchgfx\widgets\AbstractButton.hpp">
      <Filter>Header Files\TouchGFX\touchgfx\widgets</Filter>
    </ClInclude>
    <ClInclude Include="$(TouchGFXReleasePath)\framework\include\touchgfx\widgets\AnimatedImage.hpp">
      <Filter>Header Files\TouchGFX\touchgfx\widgets</Filter>
    </ClInclude>
    <ClInclude Include="$(TouchGFXReleasePath)\framework\include\touchgfx\widgets\AnimationTextureMapper.hpp">
      <Filter>Header Files\TouchGFX\touchgfx\widgets</Filter>
    </ClInclude>
    <ClInclude Include="$(TouchGFXReleasePath)\framework\include\touchgfx\widgets\Box.hpp">
      <Filter>Header Files\TouchGFX\touchgfx\widgets</Filter>
    </ClInclude>
    <ClInclude Include="$(TouchGFXReleasePath)\framework\include\touchgfx\widgets\Button.hpp">
      <Filter>Header Files\TouchGFX\touchgfx\widgets</Filter>
    </ClInclude>
    <ClInclude Include="$(TouchGFXReleasePath)\framework\include\touchgfx\widgets\ButtonWithIcon.hpp">
      <Filter>Header Files\TouchGFX\touchgfx\widgets</Filter>
    </ClInclude>
    <ClInclude Include="$(TouchGFXReleasePath)\framework\include\touchgfx\widgets\ButtonWithLabel.hpp">
      <Filter>Header Files\TouchGFX\touchgfx\widgets</Filter>
    </ClInclude>
    <ClInclude Include="$(TouchGFXReleasePath)\framework\include\touchgfx\widgets\canvas\AbstractPainter.hpp">
      <Filter>Header Files\TouchGFX\touchgfx\widgets\canvas</Filter>
    </ClInclude>
    <ClInclude Include="$(TouchGFXReleasePath)\framework\include\touchgfx\widgets\canvas\AbstractPainterBW.hpp">
      <Filter>Header Files\TouchGFX\touchgfx\widgets\canvas</Filter>
    </ClInclude>
    <ClInclude Include="$(TouchGFXReleasePath)\framework\include\touchgfx\widgets\canvas\AbstractPainterGRAY2.hpp">
      <Filter>Header Files\TouchGFX\touchgfx\widgets\canvas</Filter>
    </ClInclude>
    <ClInclude Include="$(TouchGFXReleasePath)\framework\include\touchgfx\widgets\canvas\AbstractPainterGRAY4.hpp">
      <Filter>Header Files\TouchGFX\touchgfx\widgets\canvas</Filter>
    </ClInclude>
    <ClInclude Include="$(TouchGFXReleasePath)\framework\include\touchgfx\widgets\canvas\AbstractPainterRGB565.hpp">
      <Filter>Header Files\TouchGFX\touchgfx\widgets\canvas</Filter>
    </ClInclude>
    <ClInclude Include="$(TouchGFXReleasePath)\framework\include\touchgfx\widgets\canvas\AbstractPainterRGB888.hpp">
      <Filter>Header Files\TouchGFX\touchgfx\widgets\canvas</Filter>
    </ClInclude>
    <ClInclude Include="$(TouchGFXReleasePath)\framework\include\touchgfx\widgets\canvas\AbstractShape.hpp">
      <Filter>Header Files\TouchGFX\touchgfx\widgets\canvas</Filter>
    </ClInclude>
    <ClInclude Include="$(TouchGFXReleasePath)\framework\include\touchgfx\widgets\canvas\Canvas.hpp">
      <Filter>Header Files\TouchGFX\touchgfx\widgets\canvas</Filter>
    </ClInclude>
    <ClInclude Include="$(TouchGFXReleasePath)\framework\include\touchgfx\widgets\canvas\CanvasWidget.hpp">
      <Filter>Header Files\TouchGFX\touchgfx\widgets\canvas</Filter>
    </ClInclude>
    <ClInclude Include="$(TouchGFXReleasePath)\framework\include\touchgfx\widgets\canvas\Circle.hpp">
      <Filter>Header Files\TouchGFX\touchgfx\widgets\canvas</Filter>
    </ClInclude>
    <ClInclude Include="$(TouchGFXReleasePath)\framework\include\touchgfx\widgets\canvas\CWRUtil.hpp">
      <Filter>Header Files\TouchGFX\touchgfx\widgets\canvas</Filter>
    </ClInclude>
    <ClInclude Include="$(TouchGFXReleasePath)\framework\include\touchgfx\widgets\canvas\Line.hpp">
      <Filter>Header Files\TouchGFX\touchgfx\widgets\canvas</Filter>
    </ClInclude>
    <ClInclude Include="$(TouchGFXReleasePath)\framework\include\touchgfx\widgets\canvas\PainterBW.hpp">
      <Filter>Header Files\TouchGFX\touchgfx\widgets\canvas</Filter>
    </ClInclude>
    <ClInclude Include="$(TouchGFXReleasePath)\framework\include\touchgfx\widgets\canvas\PainterGRAY2.hpp">
      <Filter>Header Files\TouchGFX\touchgfx\widgets\canvas</Filter>
    </ClInclude>
    <ClInclude Include="$(TouchGFXReleasePath)\framework\include\touchgfx\widgets\canvas\PainterGRAY2Bitmap.hpp">
      <Filter>Header Files\TouchGFX\touchgfx\widgets\canvas</Filter>
    </ClInclude>
    <ClInclude Include="$(TouchGFXReleasePath)\framework\include\touchgfx\widgets\canvas\PainterGRAY4.hpp">
      <Filter>Header Files\TouchGFX\touchgfx\widgets\canvas</Filter>
    </ClInclude>
    <ClInclude Include="$(TouchGFXReleasePath)\framework\include\touchgfx\widgets\canvas\PainterGRAY4Bitmap.hpp">
      <Filter>Header Files\TouchGFX\touchgfx\widgets\canvas</Filter>
    </ClInclude>
    <ClInclude Include="$(TouchGFXReleasePath)\framework\include\touchgfx\widgets\canvas\PainterRGB565.hpp">
      <Filter>Header Files\TouchGFX\touchgfx\widgets\canvas</Filter>
    </ClInclude>
    <ClInclude Include="$(TouchGFXReleasePath)\framework\include\touchgfx\widgets\canvas\PainterRGB565Bitmap.hpp">
      <Filter>Header Files\TouchGFX\touchgfx\widgets\canvas</Filter>
    </ClInclude>
    <ClInclude Include="$(TouchGFXReleasePath)\framework\include\touchgfx\widgets\canvas\PainterRGB888.hpp">
      <Filter>Header Files\TouchGFX\touchgfx\widgets\canvas</Filter>
    </ClInclude>
    <ClInclude Include="$(TouchGFXReleasePath)\framework\include\touchgfx\widgets\canvas\PainterRGB888Bitmap.hpp">
      <Filter>Header Files\TouchGFX\touchgfx\widgets\canvas</Filter>
    </ClInclude>
    <ClInclude Include="$(TouchGFXReleasePath)\framework\include\touchgfx\widgets\canvas\Shape.hpp">
      <Filter>Header Files\TouchGFX\touchgfx\widgets\canvas</Filter>
    </ClInclude>
    <ClInclude Include="$(TouchGFXReleasePath)\framework\include\touchgfx\widgets\Image.hpp">
      <Filter>Header Files\TouchGFX\touchgfx\widgets</Filter>
    </ClInclude>
    <ClInclude Include="$(TouchGFXReleasePath)\framework\include\touchgfx\widgets\Keyboard.hpp">
      <Filter>Header Files\TouchGFX\touchgfx\widgets</Filter>
    </ClInclude>
    <ClInclude Include="$(TouchGFXReleasePath)\framework\include\touchgfx\widgets\PixelDataWidget.hpp">
      <Filter>Header Files\TouchGFX\touchgfx\widgets</Filter>
    </ClInclude>
    <ClInclude Include="$(TouchGFXReleasePath)\framework\include\touchgfx\widgets\RadioButton.hpp">
      <Filter>Header Files\TouchGFX\touchgfx\widgets</Filter>
    </ClInclude>
    <ClInclude Include="$(TouchGFXReleasePath)\framework\include\touchgfx\widgets\RadioButtonGroup.hpp">
      <Filter>Header Files\TouchGFX\touchgfx\widgets</Filter>
    </ClInclude>
    <ClInclude Include="$(TouchGFXReleasePath)\framework\include\touchgfx\widgets\RepeatButton.hpp">
      <Filter>Header Files\TouchGFX\touchgfx\widgets</Filter>
    </ClInclude>
    <ClInclude Include="$(TouchGFXReleasePath)\framework\include\touchgfx\widgets\ScalableImage.hpp">
      <Filter>Header Files\TouchGFX\touchgfx\widgets</Filter>
    </ClInclude>
    <ClInclude Include="$(TouchGFXReleasePath)\framework\include\touchgfx\widgets\SnapshotWidget.hpp">
      <Filter>Header Files\TouchGFX\touchgfx\widgets</Filter>
    </ClInclude>
    <ClInclude Include="$(TouchGFXReleasePath)\framework\include\touchgfx\widgets\TextArea.hpp">
      <Filter>Header Files\TouchGFX\touchgfx\widgets</Filter>
    </ClInclude>
    <ClInclude Include="$(TouchGFXReleasePath)\framework\include\touchgfx\widgets\TextAreaWithWildcard.hpp">
      <Filter>Header Files\TouchGFX\touchgfx\widgets</Filter>
    </ClInclude>
    <ClInclude Include="$(TouchGFXReleasePath)\framework\include\touchgfx\widgets\TextureMapper.hpp">
      <Filter>Header Files\TouchGFX\touchgfx\widgets</Filter>
    </ClInclude>
    <ClInclude Include="$(TouchGFXReleasePath)\framework\include\touchgfx\widgets\TiledImage.hpp">
      <Filter>Header Files\TouchGFX\touchgfx\widgets</Filter>
    </ClInclude>
    <ClInclude Include="$(TouchGFXReleasePath)\framework\include\touchgfx\widgets\ToggleButton.hpp">
      <Filter>Header Files\TouchGFX\touchgfx\widgets</Filter>
    </ClInclude>
    <ClInclude Include="$(TouchGFXReleasePath)\framework\include\touchgfx\widgets\TouchArea.hpp">
      <Filter>Header Files\TouchGFX\touchgfx\widgets</Filter>
    </ClInclude>
    <ClInclude Include="$(TouchGFXReleasePath)\framework\include\touchgfx\widgets\Widget.hpp">
      <Filter>Header Files\TouchGFX\touchgfx\widgets</Filter>
    </ClInclude>
    <ClInclude Include="$(ApplicationRoot)\generated\simulator\include\simulator\mainBase.hpp">
      <Filter>Header Files\generated\simulator</Filter>
    </ClInclude>
    <ClInclude Include="..\..\generated\simulator\include\simulator\video\DirectFrameBufferVideoController.hpp">
      <Filter>Header Files\generated\simulator\include\simulator\video</Filter>
    </ClInclude>
    <ClInclude Include="..\..\gui\include\gui\common\FrontendApplication.hpp">
      <Filter>Header Files\gui\common</Filter>
    </ClInclude>
    <ClInclude Include="..\..\generated\gui_generated\include\gui_generated\common\FrontendApplicationBase.hpp">
      <Filter>Header Files\generated\gui_generated\common</Filter>
    </ClInclude>
    <ClInclude Include="..\..\gui\include\gui\common\FrontendHeap.hpp">
      <Filter>Header Files\gui\common</Filter>
    </ClInclude>
    <ClInclude Include="..\..\generated\gui_generated\include\gui_generated\common\FrontendHeapBase.hpp">
      <Filter>Header Files\generated\gui_generated\common</Filter>
    </ClInclude>
    <ClInclude Include="..\..\generated\simulator\include\simulator\video\MJPEGDecoder.hpp">
      <Filter>Header Files\generated\simulator\include\simulator\video</Filter>
    </ClInclude>
    <ClInclude Include="..\..\gui\include\gui\model\Model.hpp">
      <Filter>Header Files\gui\model</Filter>
    </ClInclude>
    <ClInclude Include="..\..\gui\include\gui\model\ModelListener.hpp">
      <Filter>Header Files\gui\model</Filter>
    </ClInclude>
    <ClInclude Include="..\..\generated\gui_generated\include\gui_generated\common\SimConstants.hpp">
      <Filter>Header Files\generated\gui_generated\common</Filter>
    </ClInclude>
    <ClInclude Include="..\..\generated\simulator\include\simulator\video\SoftwareMJPEGDecoder.hpp">
      <Filter>Header Files\generated\simulator\include\simulator\video</Filter>
    </ClInclude>
    <ClInclude Include="..\..\gui\include\gui\main_screen\MainPresenter.hpp">
      <Filter>Header Files\gui\main_screen</Filter>
    </ClInclude>
    <ClInclude Include="..\..\gui\include\gui\main_screen\MainView.hpp">
      <Filter>Header Files\gui\main_screen</Filter>
    </ClInclude>
    <ClInclude Include="..\..\generated\gui_generated\include\gui_generated\main_screen\MainViewBase.hpp">
      <Filter>Header Files\generated\gui_generated\main_screen</Filter>
    </ClInclude>
    <ClInclude Include="..\..\gui\include\gui\containers\TEST.hpp">
      <Filter>Header Files\gui\containers</Filter>
    </ClInclude>
    <ClInclude Include="..\..\generated\gui_generated\include\gui_generated\containers\TESTBase.hpp">
      <Filter>Header Files\generated\gui_generated\containers</Filter>
    </ClInclude>
    <ClInclude Include="..\..\gui\include\gui\locat_screen\LOCATPresenter.hpp">
      <Filter>Header Files\gui\locat_screen</Filter>
    </ClInclude>
    <ClInclude Include="..\..\gui\include\gui\locat_screen\LOCATView.hpp">
      <Filter>Header Files\gui\locat_screen</Filter>
    </ClInclude>
    <ClInclude Include="..\..\generated\gui_generated\include\gui_generated\locat_screen\LOCATViewBase.hpp">
      <Filter>Header Files\generated\gui_generated\locat_screen</Filter>
    </ClInclude>
    <ClInclude Include="..\..\gui\include\gui\timer_screen\TIMERPresenter.hpp">
      <Filter>Header Files\gui\timer_screen</Filter>
    </ClInclude>
    <ClInclude Include="..\..\gui\include\gui\timer_screen\TIMERView.hpp">
      <Filter>Header Files\gui\timer_screen</Filter>
    </ClInclude>
    <ClInclude Include="..\..\generated\gui_generated\include\gui_generated\timer_screen\TIMERViewBase.hpp">
      <Filter>Header Files\generated\gui_generated\timer_screen</Filter>
    </ClInclude>
    <ClInclude Include="..\..\gui\include\gui\imu_screen\IMUPresenter.hpp">
      <Filter>Header Files\gui\imu_screen</Filter>
    </ClInclude>
    <ClInclude Include="..\..\gui\include\gui\imu_screen\IMUView.hpp">
      <Filter>Header Files\gui\imu_screen</Filter>
    </ClInclude>
    <ClInclude Include="..\..\generated\gui_generated\include\gui_generated\imu_screen\IMUViewBase.hpp">
      <Filter>Header Files\generated\gui_generated\imu_screen</Filter>
    </ClInclude>
    <ClInclude Include="..\..\gui\include\gui\cam_screen\CAMPresenter.hpp">
      <Filter>Header Files\gui\cam_screen</Filter>
    </ClInclude>
    <ClInclude Include="..\..\gui\include\gui\cam_screen\CAMView.hpp">
      <Filter>Header Files\gui\cam_screen</Filter>
    </ClInclude>
    <ClInclude Include="..\..\generated\gui_generated\include\gui_generated\cam_screen\CAMViewBase.hpp">
      <Filter>Header Files\generated\gui_generated\cam_screen</Filter>
    </ClInclude>
    <ClInclude Include="..\..\gui\include\gui\compass_screen\COMPASSPresenter.hpp">
      <Filter>Header Files\gui\compass_screen</Filter>
    </ClInclude>
    <ClInclude Include="..\..\gui\include\gui\compass_screen\COMPASSView.hpp">
      <Filter>Header Files\gui\compass_screen</Filter>
    </ClInclude>
    <ClInclude Include="..\..\generated\gui_generated\include\gui_generated\compass_screen\COMPASSViewBase.hpp">
      <Filter>Header Files\generated\gui_generated\compass_screen</Filter>
    </ClInclude>
    <ClInclude Include="..\..\gui\include\gui\health_screen\HEALTHPresenter.hpp">
      <Filter>Header Files\gui\health_screen</Filter>
    </ClInclude>
    <ClInclude Include="..\..\gui\include\gui\health_screen\HEALTHView.hpp">
      <Filter>Header Files\gui\health_screen</Filter>
    </ClInclude>
    <ClInclude Include="..\..\generated\gui_generated\include\gui_generated\health_screen\HEALTHViewBase.hpp">
      <Filter>Header Files\generated\gui_generated\health_screen</Filter>
    </ClInclude>
    <ClInclude Include="..\..\gui\include\gui\sport_screen\SPORTPresenter.hpp">
      <Filter>Header Files\gui\sport_screen</Filter>
    </ClInclude>
    <ClInclude Include="..\..\gui\include\gui\sport_screen\SPORTView.hpp">
      <Filter>Header Files\gui\sport_screen</Filter>
    </ClInclude>
    <ClInclude Include="..\..\generated\gui_generated\include\gui_generated\sport_screen\SPORTViewBase.hpp">
      <Filter>Header Files\generated\gui_generated\sport_screen</Filter>
    </ClInclude>
    <ClInclude Include="..\..\gui\include\gui\system_screen\SYSTEMPresenter.hpp">
      <Filter>Header Files\gui\system_screen</Filter>
    </ClInclude>
    <ClInclude Include="..\..\gui\include\gui\system_screen\SYSTEMView.hpp">
      <Filter>Header Files\gui\system_screen</Filter>
    </ClInclude>
    <ClInclude Include="..\..\generated\gui_generated\include\gui_generated\system_screen\SYSTEMViewBase.hpp">
      <Filter>Header Files\generated\gui_generated\system_screen</Filter>
    </ClInclude>
    <ClInclude Include="..\..\gui\include\gui\env_screen\ENVPresenter.hpp">
      <Filter>Header Files\gui\env_screen</Filter>
    </ClInclude>
    <ClInclude Include="..\..\gui\include\gui\env_screen\ENVView.hpp">
      <Filter>Header Files\gui\env_screen</Filter>
    </ClInclude>
    <ClInclude Include="..\..\generated\gui_generated\include\gui_generated\env_screen\ENVViewBase.hpp">
      <Filter>Header Files\generated\gui_generated\env_screen</Filter>
    </ClInclude>
    <ClInclude Include="..\..\gui\include\gui\containers\GNSS.hpp">
      <Filter>Header Files\gui\containers</Filter>
    </ClInclude>
    <ClInclude Include="..\..\generated\gui_generated\include\gui_generated\containers\GNSSBase.hpp">
      <Filter>Header Files\generated\gui_generated\containers</Filter>
    </ClInclude>
    <ClInclude Include="..\..\gui\include\gui\game_screen\GAMEPresenter.hpp">
      <Filter>Header Files\gui\game_screen</Filter>
    </ClInclude>
    <ClInclude Include="..\..\gui\include\gui\game_screen\GAMEView.hpp">
      <Filter>Header Files\gui\game_screen</Filter>
    </ClInclude>
    <ClInclude Include="..\..\generated\gui_generated\include\gui_generated\game_screen\GAMEViewBase.hpp">
      <Filter>Header Files\generated\gui_generated\game_screen</Filter>
    </ClInclude>
    <ClInclude Include="..\..\gui\include\gui\containers\ARONA.hpp">
      <Filter>Header Files\gui\containers</Filter>
    </ClInclude>
    <ClInclude Include="..\..\generated\gui_generated\include\gui_generated\containers\ARONABase.hpp">
      <Filter>Header Files\generated\gui_generated\containers</Filter>
    </ClInclude>
    <ClInclude Include="..\..\gui\include\gui\containers\Calender.hpp">
      <Filter>Header Files\gui\containers</Filter>
    </ClInclude>
    <ClInclude Include="..\..\generated\gui_generated\include\gui_generated\containers\CalenderBase.hpp">
      <Filter>Header Files\generated\gui_generated\containers</Filter>
    </ClInclude>
    <ClInclude Include="..\..\gui\include\gui\cam_setting_screen\CAM_settingPresenter.hpp">
      <Filter>Header Files\gui\cam_setting_screen</Filter>
    </ClInclude>
    <ClInclude Include="..\..\gui\include\gui\cam_setting_screen\CAM_settingView.hpp">
      <Filter>Header Files\gui\cam_setting_screen</Filter>
    </ClInclude>
    <ClInclude Include="..\..\generated\gui_generated\include\gui_generated\cam_setting_screen\CAM_settingViewBase.hpp">
      <Filter>Header Files\generated\gui_generated\cam_setting_screen</Filter>
    </ClInclude>
    <ClInclude Include="..\..\gui\include\gui\containers\SYSTEM.hpp">
      <Filter>Header Files\gui\containers</Filter>
    </ClInclude>
    <ClInclude Include="..\..\generated\gui_generated\include\gui_generated\containers\SYSTEMBase.hpp">
      <Filter>Header Files\generated\gui_generated\containers</Filter>
    </ClInclude>
    <ClInclude Include="..\..\gui\include\gui\containers\CLOCK_INNER.hpp">
      <Filter>Header Files\gui\containers</Filter>
    </ClInclude>
    <ClInclude Include="..\..\generated\gui_generated\include\gui_generated\containers\CLOCK_INNERBase.hpp">
      <Filter>Header Files\generated\gui_generated\containers</Filter>
    </ClInclude>
    <ClInclude Include="..\..\gui\include\gui\sport_setting_screen\SPORT_SETTINGPresenter.hpp">
      <Filter>Header Files\gui\sport_setting_screen</Filter>
    </ClInclude>
    <ClInclude Include="..\..\gui\include\gui\sport_setting_screen\SPORT_SETTINGView.hpp">
      <Filter>Header Files\gui\sport_setting_screen</Filter>
    </ClInclude>
    <ClInclude Include="..\..\generated\gui_generated\include\gui_generated\sport_setting_screen\SPORT_SETTINGViewBase.hpp">
      <Filter>Header Files\generated\gui_generated\sport_setting_screen</Filter>
    </ClInclude>
  </ItemGroup>
  <ItemGroup>
    <ResourceCompile Include="$(ApplicationRoot)\generated\simulator\touchgfx.rc">
      <Filter>Resource Files</Filter>
    </ResourceCompile>
  </ItemGroup>
</Project>
